// !$*UTF8*$!
{
	archiveVersion = 1;
	classes = {
	};
	objectVersion = 50;
	objects = {

/* Begin PBXBuildFile section */
		5F60C80623DC9B9F00F0DB58 /* UserListTVCell.swift in Sources */ = {isa = PBXBuildFile; fileRef = 5F60C80523DC9B9F00F0DB58 /* UserListTVCell.swift */; };
		5F77E4CB23DC8C4600BCCDCA /* AppDelegate.swift in Sources */ = {isa = PBXBuildFile; fileRef = 5F77E4CA23DC8C4600BCCDCA /* AppDelegate.swift */; };
		5F77E4CD23DC8C4600BCCDCA /* SceneDelegate.swift in Sources */ = {isa = PBXBuildFile; fileRef = 5F77E4CC23DC8C4600BCCDCA /* SceneDelegate.swift */; };
		5F77E4CF23DC8C4600BCCDCA /* UsersListVC.swift in Sources */ = {isa = PBXBuildFile; fileRef = 5F77E4CE23DC8C4600BCCDCA /* UsersListVC.swift */; };
		5F77E4D223DC8C4600BCCDCA /* Main.storyboard in Resources */ = {isa = PBXBuildFile; fileRef = 5F77E4D023DC8C4600BCCDCA /* Main.storyboard */; };
		5F77E4D423DC8C4A00BCCDCA /* Assets.xcassets in Resources */ = {isa = PBXBuildFile; fileRef = 5F77E4D323DC8C4A00BCCDCA /* Assets.xcassets */; };
		5F77E4D723DC8C4A00BCCDCA /* LaunchScreen.storyboard in Resources */ = {isa = PBXBuildFile; fileRef = 5F77E4D523DC8C4A00BCCDCA /* LaunchScreen.storyboard */; };
/* End PBXBuildFile section */

/* Begin PBXFileReference section */
		5F60C80523DC9B9F00F0DB58 /* UserListTVCell.swift */ = {isa = PBXFileReference; lastKnownFileType = sourcecode.swift; path = UserListTVCell.swift; sourceTree = "<group>"; };
		5F77E4C723DC8C4600BCCDCA /* Users.app */ = {isa = PBXFileReference; explicitFileType = wrapper.application; includeInIndex = 0; path = Users.app; sourceTree = BUILT_PRODUCTS_DIR; };
		5F77E4CA23DC8C4600BCCDCA /* AppDelegate.swift */ = {isa = PBXFileReference; lastKnownFileType = sourcecode.swift; path = AppDelegate.swift; sourceTree = "<group>"; };
		5F77E4CC23DC8C4600BCCDCA /* SceneDelegate.swift */ = {isa = PBXFileReference; lastKnownFileType = sourcecode.swift; path = SceneDelegate.swift; sourceTree = "<group>"; };
		5F77E4CE23DC8C4600BCCDCA /* UsersListVC.swift */ = {isa = PBXFileReference; lastKnownFileType = sourcecode.swift; path = UsersListVC.swift; sourceTree = "<group>"; };
		5F77E4D123DC8C4600BCCDCA /* Base */ = {isa = PBXFileReference; lastKnownFileType = file.storyboard; name = Base; path = Base.lproj/Main.storyboard; sourceTree = "<group>"; };
		5F77E4D323DC8C4A00BCCDCA /* Assets.xcassets */ = {isa = PBXFileReference; lastKnownFileType = folder.assetcatalog; path = Assets.xcassets; sourceTree = "<group>"; };
		5F77E4D623DC8C4A00BCCDCA /* Base */ = {isa = PBXFileReference; lastKnownFileType = file.storyboard; name = Base; path = Base.lproj/LaunchScreen.storyboard; sourceTree = "<group>"; };
		5F77E4D823DC8C4A00BCCDCA /* Info.plist */ = {isa = PBXFileReference; lastKnownFileType = text.plist.xml; path = Info.plist; sourceTree = "<group>"; };
/* End PBXFileReference section */

/* Begin PBXFrameworksBuildPhase section */
		5F77E4C423DC8C4600BCCDCA /* Frameworks */ = {
			isa = PBXFrameworksBuildPhase;
			buildActionMask = 2147483647;
			files = (
			);
			runOnlyForDeploymentPostprocessing = 0;
		};
/* End PBXFrameworksBuildPhase section */

/* Begin PBXGroup section */
		5F60C80423DC95F500F0DB58 /* UsersList */ = {
			isa = PBXGroup;
			children = (
				5F77E4CE23DC8C4600BCCDCA /* UsersListVC.swift */,
				5F60C80523DC9B9F00F0DB58 /* UserListTVCell.swift */,
			);
			path = UsersList;
			sourceTree = "<group>";
		};
		5F77E4BE23DC8C4500BCCDCA = {
			isa = PBXGroup;
			children = (
				5F77E4C923DC8C4600BCCDCA /* Users */,
				5F77E4C823DC8C4600BCCDCA /* Products */,
			);
			sourceTree = "<group>";
		};
		5F77E4C823DC8C4600BCCDCA /* Products */ = {
			isa = PBXGroup;
			children = (
				5F77E4C723DC8C4600BCCDCA /* Users.app */,
			);
			name = Products;
			sourceTree = "<group>";
		};
		5F77E4C923DC8C4600BCCDCA /* Users */ = {
			isa = PBXGroup;
			children = (
				5F60C80423DC95F500F0DB58 /* UsersList */,
				5F77E4CA23DC8C4600BCCDCA /* AppDelegate.swift */,
				5F77E4CC23DC8C4600BCCDCA /* SceneDelegate.swift */,
				5F77E4D023DC8C4600BCCDCA /* Main.storyboard */,
				5F77E4D323DC8C4A00BCCDCA /* Assets.xcassets */,
				5F77E4D523DC8C4A00BCCDCA /* LaunchScreen.storyboard */,
				5F77E4D823DC8C4A00BCCDCA /* Info.plist */,
			);
			path = Users;
			sourceTree = "<group>";
		};
/* End PBXGroup section */

/* Begin PBXNativeTarget section */
		5F77E4C623DC8C4600BCCDCA /* Users */ = {
			isa = PBXNativeTarget;
			buildConfigurationList = 5F77E4DB23DC8C4A00BCCDCA /* Build configuration list for PBXNativeTarget "Users" */;
			buildPhases = (
				5F77E4C323DC8C4600BCCDCA /* Sources */,
				5F77E4C423DC8C4600BCCDCA /* Frameworks */,
				5F77E4C523DC8C4600BCCDCA /* Resources */,
			);
			buildRules = (
			);
			dependencies = (
			);
			name = Users;
			productName = Users;
			productReference = 5F77E4C723DC8C4600BCCDCA /* Users.app */;
			productType = "com.apple.product-type.application";
		};
/* End PBXNativeTarget section */

/* Begin PBXProject section */
		5F77E4BF23DC8C4500BCCDCA /* Project object */ = {
			isa = PBXProject;
			attributes = {
				LastSwiftUpdateCheck = 1120;
				LastUpgradeCheck = 1120;
				ORGANIZATIONNAME = "Meharoof Najeeb";
				TargetAttributes = {
					5F77E4C623DC8C4600BCCDCA = {
						CreatedOnToolsVersion = 11.2.1;
					};
				};
			};
			buildConfigurationList = 5F77E4C223DC8C4500BCCDCA /* Build configuration list for PBXProject "Users" */;
			compatibilityVersion = "Xcode 9.3";
			developmentRegion = en;
			hasScannedForEncodings = 0;
			knownRegions = (
				en,
				Base,
			);
			mainGroup = 5F77E4BE23DC8C4500BCCDCA;
			productRefGroup = 5F77E4C823DC8C4600BCCDCA /* Products */;
			projectDirPath = "";
			projectRoot = "";
			targets = (
				5F77E4C623DC8C4600BCCDCA /* Users */,
			);
		};
/* End PBXProject section */

/* Begin PBXResourcesBuildPhase section */
		5F77E4C523DC8C4600BCCDCA /* Resources */ = {
			isa = PBXResourcesBuildPhase;
			buildActionMask = 2147483647;
			files = (
				5F77E4D723DC8C4A00BCCDCA /* LaunchScreen.storyboard in Resources */,
				5F77E4D423DC8C4A00BCCDCA /* Assets.xcassets in Resources */,
				5F77E4D223DC8C4600BCCDCA /* Main.storyboard in Resources */,
			);
			runOnlyForDeploymentPostprocessing = 0;
		};
/* End PBXResourcesBuildPhase section */

/* Begin PBXSourcesBuildPhase section */
		5F77E4C323DC8C4600BCCDCA /* Sources */ = {
			isa = PBXSourcesBuildPhase;
			buildActionMask = 2147483647;
			files = (
				5F60C80623DC9B9F00F0DB58 /* UserListTVCell.swift in Sources */,
				5F77E4CF23DC8C4600BCCDCA /* UsersListVC.swift in Sources */,
				5F77E4CB23DC8C4600BCCDCA /* AppDelegate.swift in Sources */,
				5F77E4CD23DC8C4600BCCDCA /* SceneDelegate.swift in Sources */,
			);
			runOnlyForDeploymentPostprocessing = 0;
		};
/* End PBXSourcesBuildPhase section */

/* Begin PBXVariantGroup section */
		5F77E4D023DC8C4600BCCDCA /* Main.storyboard */ = {
			isa = PBXVariantGroup;
			children = (
				5F77E4D123DC8C4600BCCDCA /* Base */,
			);
			name = Main.storyboard;
			sourceTree = "<group>";
		};
		5F77E4D523DC8C4A00BCCDCA /* LaunchScreen.storyboard */ = {
			isa = PBXVariantGroup;
			children = (
				5F77E4D623DC8C4A00BCCDCA /* Base */,
			);
			name = LaunchScreen.storyboard;
			sourceTree = "<group>";
		};
/* End PBXVariantGroup section */

/* Begin XCBuildConfiguration section */
		5F77E4D923DC8C4A00BCCDCA /* Debug */ = {
			isa = XCBuildConfiguration;
			buildSettings = {
				ALWAYS_SEARCH_USER_PATHS = NO;
				CLANG_ANALYZER_NONNULL = YES;
				CLANG_ANALYZER_NUMBER_OBJECT_CONVERSION = YES_AGGRESSIVE;
				CLANG_CXX_LANGUAGE_STANDARD = "gnu++14";
				CLANG_CXX_LIBRARY = "libc++";
				CLANG_ENABLE_MODULES = YES;
				CLANG_ENABLE_OBJC_ARC = YES;
				CLANG_ENABLE_OBJC_WEAK = YES;
				CLANG_WARN_BLOCK_CAPTURE_AUTORELEASING = YES;
				CLANG_WARN_BOOL_CONVERSION = YES;
				CLANG_WARN_COMMA = YES;
				CLANG_WARN_CONSTANT_CONVERSION = YES;
				CLANG_WARN_DEPRECATED_OBJC_IMPLEMENTATIONS = YES;
				CLANG_WARN_DIRECT_OBJC_ISA_USAGE = YES_ERROR;
				CLANG_WARN_DOCUMENTATION_COMMENTS = YES;
				CLANG_WARN_EMPTY_BODY = YES;
				CLANG_WARN_ENUM_CONVERSION = YES;
				CLANG_WARN_INFINITE_RECURSION = YES;
				CLANG_WARN_INT_CONVERSION = YES;
				CLANG_WARN_NON_LITERAL_NULL_CONVERSION = YES;
				CLANG_WARN_OBJC_IMPLICIT_RETAIN_SELF = YES;
				CLANG_WARN_OBJC_LITERAL_CONVERSION = YES;
				CLANG_WARN_OBJC_ROOT_CLASS = YES_ERROR;
				CLANG_WARN_RANGE_LOOP_ANALYSIS = YES;
				CLANG_WARN_STRICT_PROTOTYPES = YES;
				CLANG_WARN_SUSPICIOUS_MOVE = YES;
				CLANG_WARN_UNGUARDED_AVAILABILITY = YES_AGGRESSIVE;
				CLANG_WARN_UNREACHABLE_CODE = YES;
				CLANG_WARN__DUPLICATE_METHOD_MATCH = YES;
				COPY_PHASE_STRIP = NO;
				DEBUG_INFORMATION_FORMAT = dwarf;
				ENABLE_STRICT_OBJC_MSGSEND = YES;
				ENABLE_TESTABILITY = YES;
				GCC_C_LANGUAGE_STANDARD = gnu11;
				GCC_DYNAMIC_NO_PIC = NO;
				GCC_NO_COMMON_BLOCKS = YES;
				GCC_OPTIMIZATION_LEVEL = 0;
				GCC_PREPROCESSOR_DEFINITIONS = (
					"DEBUG=1",
					"$(inherited)",
				);
				GCC_WARN_64_TO_32_BIT_CONVERSION = YES;
				GCC_WARN_ABOUT_RETURN_TYPE = YES_ERROR;
				GCC_WARN_UNDECLARED_SELECTOR = YES;
				GCC_WARN_UNINITIALIZED_AUTOS = YES_AGGRESSIVE;
				GCC_WARN_UNUSED_FUNCTION = YES;
				GCC_WARN_UNUSED_VARIABLE = YES;
				IPHONEOS_DEPLOYMENT_TARGET = 13.2;
				MTL_ENABLE_DEBUG_INFO = INCLUDE_SOURCE;
				MTL_FAST_MATH = YES;
				ONLY_ACTIVE_ARCH = YES;
				SDKROOT = iphoneos;
				SWIFT_ACTIVE_COMPILATION_CONDITIONS = DEBUG;
				SWIFT_OPTIMIZATION_LEVEL = "-Onone";
			};
			name = Debug;
		};
		5F77E4DA23DC8C4A00BCCDCA /* Release */ = {
			isa = XCBuildConfiguration;
			buildSettings = {
				ALWAYS_SEARCH_USER_PATHS = NO;
				CLANG_ANALYZER_NONNULL = YES;
				CLANG_ANALYZER_NUMBER_OBJECT_CONVERSION = YES_AGGRESSIVE;
				CLANG_CXX_LANGUAGE_STANDARD = "gnu++14";
				CLANG_CXX_LIBRARY = "libc++";
				CLANG_ENABLE_MODULES = YES;
				CLANG_ENABLE_OBJC_ARC = YES;
				CLANG_ENABLE_OBJC_WEAK = YES;
				CLANG_WARN_BLOCK_CAPTURE_AUTORELEASING = YES;
				CLANG_WARN_BOOL_CONVERSION = YES;
				CLANG_WARN_COMMA = YES;
				CLANG_WARN_CONSTANT_CONVERSION = YES;
				CLANG_WARN_DEPRECATED_OBJC_IMPLEMENTATIONS = YES;
				CLANG_WARN_DIRECT_OBJC_ISA_USAGE = YES_ERROR;
				CLANG_WARN_DOCUMENTATION_COMMENTS = YES;
				CLANG_WARN_EMPTY_BODY = YES;
				CLANG_WARN_ENUM_CONVERSION = YES;
				CLANG_WARN_INFINITE_RECURSION = YES;
				CLANG_WARN_INT_CONVERSION = YES;
				CLANG_WARN_NON_LITERAL_NULL_CONVERSION = YES;
				CLANG_WARN_OBJC_IMPLICIT_RETAIN_SELF = YES;
				CLANG_WARN_OBJC_LITERAL_CONVERSION = YES;
				CLANG_WARN_OBJC_ROOT_CLASS = YES_ERROR;
				CLANG_WARN_RANGE_LOOP_ANALYSIS = YES;
				CLANG_WARN_STRICT_PROTOTYPES = YES;
				CLANG_WARN_SUSPICIOUS_MOVE = YES;
				CLANG_WARN_UNGUARDED_AVAILABILITY = YES_AGGRESSIVE;
				CLANG_WARN_UNREACHABLE_CODE = YES;
				CLANG_WARN__DUPLICATE_METHOD_MATCH = YES;
				COPY_PHASE_STRIP = NO;
				DEBUG_INFORMATION_FORMAT = "dwarf-with-dsym";
				ENABLE_NS_ASSERTIONS = NO;
				ENABLE_STRICT_OBJC_MSGSEND = YES;
				GCC_C_LANGUAGE_STANDARD = gnu11;
				GCC_NO_COMMON_BLOCKS = YES;
				GCC_WARN_64_TO_32_BIT_CONVERSION = YES;
				GCC_WARN_ABOUT_RETURN_TYPE = YES_ERROR;
				GCC_WARN_UNDECLARED_SELECTOR = YES;
				GCC_WARN_UNINITIALIZED_AUTOS = YES_AGGRESSIVE;
				GCC_WARN_UNUSED_FUNCTION = YES;
				GCC_WARN_UNUSED_VARIABLE = YES;
				IPHONEOS_DEPLOYMENT_TARGET = 13.2;
				MTL_ENABLE_DEBUG_INFO = NO;
				MTL_FAST_MATH = YES;
				SDKROOT = iphoneos;
				SWIFT_COMPILATION_MODE = wholemodule;
				SWIFT_OPTIMIZATION_LEVEL = "-O";
				VALIDATE_PRODUCT = YES;
			};
			name = Release;
		};
		5F77E4DC23DC8C4A00BCCDCA /* Debug */ = {
			isa = XCBuildConfiguration;
			buildSettings = {
				ASSETCATALOG_COMPILER_APPICON_NAME = AppIcon;
				CODE_SIGN_STYLE = Automatic;
				DEVELOPMENT_TEAM = C8X33J96A7;
				INFOPLIST_FILE = Users/Info.plist;
				LD_RUNPATH_SEARCH_PATHS = (
					"$(inherited)",
					"@executable_path/Frameworks",
				);
				PRODUCT_BUNDLE_IDENTIFIER = com.meharoofnajeeb.Users;
				PRODUCT_NAME = "$(TARGET_NAME)";
				SWIFT_VERSION = 5.0;
				TARGETED_DEVICE_FAMILY = "1,2";
			};
			name = Debug;
		};
		5F77E4DD23DC8C4A00BCCDCA /* Release */ = {
			isa = XCBuildConfiguration;
			buildSettings = {
				ASSETCATALOG_COMPILER_APPICON_NAME = AppIcon;
				CODE_SIGN_STYLE = Automatic;
				DEVELOPMENT_TEAM = C8X33J96A7;
				INFOPLIST_FILE = Users/Info.plist;
				LD_RUNPATH_SEARCH_PATHS = (
					"$(inherited)",
					"@executable_path/Frameworks",
				);
				PRODUCT_BUNDLE_IDENTIFIER = com.meharoofnajeeb.Users;
				PRODUCT_NAME = "$(TARGET_NAME)";
				SWIFT_VERSION = 5.0;
				TARGETED_DEVICE_FAMILY = "1,2";
			};
			name = Release;
		};
/* End XCBuildConfiguration section */

/* Begin XCConfigurationList section */
		5F77E4C223DC8C4500BCCDCA /* Build configuration list for PBXProject "Users" */ = {
			isa = XCConfigurationList;
			buildConfigurations = (
				5F77E4D923DC8C4A00BCCDCA /* Debug */,
				5F77E4DA23DC8C4A00BCCDCA /* Release */,
			);
			defaultConfigurationIsVisible = 0;
			defaultConfigurationName = Release;
		};
		5F77E4DB23DC8C4A00BCCDCA /* Build configuration list for PBXNativeTarget "Users" */ = {
			isa = XCConfigurationList;
			buildConfigurations = (
				5F77E4DC23DC8C4A00BCCDCA /* Debug */,
				5F77E4DD23DC8C4A00BCCDCA /* Release */,
			);
			defaultConfigurationIsVisible = 0;
			defaultConfigurationName = Release;
		};
/* End XCConfigurationList section */
	};
	rootObject = 5F77E4BF23DC8C4500BCCDCA /* Project object */;
}
